
Microsoft Visual Studio Solution File, Format Version 12.00
# Visual Studio 15
VisualStudioVersion = 15.0.28010.2050
MinimumVisualStudioVersion = 10.0.40219.1
Project("{FAE04EC0-301F-11D3-BF4B-00C04F79EFBC}") = "ProdutosMarcas.Dominio", "ProdutosMarcas.Dominio\ProdutosMarcas.Dominio.csproj", "{7D5BBD06-70A3-4179-990B-854A9703D69C}"
EndProject
Project("{FAE04EC0-301F-11D3-BF4B-00C04F79EFBC}") = "ProdutosMarca.Persistencia.EF", "ProdutosMarca.Persistencia.EF\ProdutosMarca.Persistencia.EF.csproj", "{D0FBA0C9-DDF2-4AD0-87AB-9C501DC9439F}"
EndProject
Project("{FAE04EC0-301F-11D3-BF4B-00C04F79EFBC}") = "ProdutosMarca.Repositorio.Comum", "ProdutosMarca.Repositorio.Comum\ProdutosMarca.Repositorio.Comum.csproj", "{3D11FD3D-3D60-4B60-A064-911A005D2498}"
EndProject
Global
	GlobalSection(SolutionConfigurationPlatforms) = preSolution
		Debug|Any CPU = Debug|Any CPU
		Release|Any CPU = Release|Any CPU
	EndGlobalSection
	GlobalSection(ProjectConfigurationPlatforms) = postSolution
		{7D5BBD06-70A3-4179-990B-854A9703D69C}.Debug|Any CPU.ActiveCfg = Debug|Any CPU
		{7D5BBD06-70A3-4179-990B-854A9703D69C}.Debug|Any CPU.Build.0 = Debug|Any CPU
		{7D5BBD06-70A3-4179-990B-854A9703D69C}.Release|Any CPU.ActiveCfg = Release|Any CPU
		{7D5BBD06-70A3-4179-990B-854A9703D69C}.Release|Any CPU.Build.0 = Release|Any CPU
		{D0FBA0C9-DDF2-4AD0-87AB-9C501DC9439F}.Debug|Any CPU.ActiveCfg = Debug|Any CPU
		{D0FBA0C9-DDF2-4AD0-87AB-9C501DC9439F}.Debug|Any CPU.Build.0 = Debug|Any CPU
		{D0FBA0C9-DDF2-4AD0-87AB-9C501DC9439F}.Release|Any CPU.ActiveCfg = Release|Any CPU
		{D0FBA0C9-DDF2-4AD0-87AB-9C501DC9439F}.Release|Any CPU.Build.0 = Release|Any CPU
		{3D11FD3D-3D60-4B60-A064-911A005D2498}.Debug|Any CPU.ActiveCfg = Debug|Any CPU
		{3D11FD3D-3D60-4B60-A064-911A005D2498}.Debug|Any CPU.Build.0 = Debug|Any CPU
		{3D11FD3D-3D60-4B60-A064-911A005D2498}.Release|Any CPU.ActiveCfg = Release|Any CPU
		{3D11FD3D-3D60-4B60-A064-911A005D2498}.Release|Any CPU.Build.0 = Release|Any CPU
	EndGlobalSection
	GlobalSection(SolutionProperties) = preSolution
		HideSolutionNode = FALSE
	EndGlobalSection
	GlobalSection(ExtensibilityGlobals) = postSolution
		SolutionGuid = {2FBAD195-23F9-482A-B67D-442DF891E4D0}
	EndGlobalSection
EndGlobal
